
Microsoft Visual Studio Solution File, Format Version 12.00
# Visual Studio Version 17
VisualStudioVersion = 17.4.33213.308
MinimumVisualStudioVersion = 10.0.40219.1
Project("{FAE04EC0-301F-11D3-BF4B-00C04F79EFBC}") = "Assignment3v2KendallBramlett", "Assignment3v2KendallBramlett\Assignment3v2KendallBramlett.csproj", "{CBB1EA81-BA2D-42B9-A00B-99B12CD5FB57}"
EndProject
Global
	GlobalSection(SolutionConfigurationPlatforms) = preSolution
		Debug|Any CPU = Debug|Any CPU
		Release|Any CPU = Release|Any CPU
	EndGlobalSection
	GlobalSection(ProjectConfigurationPlatforms) = postSolution
		{CBB1EA81-BA2D-42B9-A00B-99B12CD5FB57}.Debug|Any CPU.ActiveCfg = Debug|Any CPU
		{CBB1EA81-BA2D-42B9-A00B-99B12CD5FB57}.Debug|Any CPU.Build.0 = Debug|Any CPU
		{CBB1EA81-BA2D-42B9-A00B-99B12CD5FB57}.Release|Any CPU.ActiveCfg = Release|Any CPU
		{CBB1EA81-BA2D-42B9-A00B-99B12CD5FB57}.Release|Any CPU.Build.0 = Release|Any CPU
	EndGlobalSection
	GlobalSection(SolutionProperties) = preSolution
		HideSolutionNode = FALSE
	EndGlobalSection
	GlobalSection(ExtensibilityGlobals) = postSolution
		SolutionGuid = {2931F8A1-8ACC-4A92-9586-FE03A9A29531}
	EndGlobalSection
EndGlobal
